dependencies:
- name: valkey
  repository: https://valkey-io.github.io/valkey-helm
  version: 0.12.0
- name: community-operator
  repository: https://mongodb.github.io/helm-charts
  version: 0.13.0
- name: community-operator
  repository: https://mongodb.github.io/helm-charts
  version: 0.13.0
digest: sha256:91efb84ee5ebf9056bd4da3540568d0991ad4db790743defd3237a24b185d7c5
generated: "2026-09-02T19:14:56.99062178Z"
