dependencies:
- name: valkey
  repository: https://valkey-io.github.io/valkey-helm
  version: 0.9.2
- name: community-operator
  repository: https://mongodb.github.io/helm-charts
  version: 0.13.0
- name: community-operator
  repository: https://mongodb.github.io/helm-charts
  version: 0.13.0
digest: sha256:ed8e82de209ab9e70bd3b0025c5ce2c37eeba71ae8785c789c47142eb31f4922
generated: "2026-01-11T14:56:15.398654763Z"
